
Microsoft Visual Studio Solution File, Format Version 12.00
# Visual Studio 15
VisualStudioVersion = 15.0.27703.2042
MinimumVisualStudioVersion = 10.0.40219.1
Project("{FAE04EC0-301F-11D3-BF4B-00C04F79EFBC}") = "CachingUsingDecoratorPattern", "CachingUsingDecoratorPattern\CachingUsingDecoratorPattern.csproj", "{EC5149CE-ED05-4EFE-AEE3-F46EA9ACCA0C}"
EndProject
Global
	GlobalSection(SolutionConfigurationPlatforms) = preSolution
		Debug|Any CPU = Debug|Any CPU
		Release|Any CPU = Release|Any CPU
	EndGlobalSection
	GlobalSection(ProjectConfigurationPlatforms) = postSolution
		{EC5149CE-ED05-4EFE-AEE3-F46EA9ACCA0C}.Debug|Any CPU.ActiveCfg = Debug|Any CPU
		{EC5149CE-ED05-4EFE-AEE3-F46EA9ACCA0C}.Debug|Any CPU.Build.0 = Debug|Any CPU
		{EC5149CE-ED05-4EFE-AEE3-F46EA9ACCA0C}.Release|Any CPU.ActiveCfg = Release|Any CPU
		{EC5149CE-ED05-4EFE-AEE3-F46EA9ACCA0C}.Release|Any CPU.Build.0 = Release|Any CPU
	EndGlobalSection
	GlobalSection(SolutionProperties) = preSolution
		HideSolutionNode = FALSE
	EndGlobalSection
	GlobalSection(ExtensibilityGlobals) = postSolution
		SolutionGuid = {9DB36B30-62FD-4E81-889E-16F5C4B05172}
	EndGlobalSection
EndGlobal
